
Microsoft Visual Studio Solution File, Format Version 12.00
# Visual Studio Version 16
VisualStudioVersion = 16.0.31911.196
MinimumVisualStudioVersion = 10.0.40219.1
Project("{FAE04EC0-301F-11D3-BF4B-00C04F79EFBC}") = "Pratice", "Pratice\Pratice.csproj", "{FD20A587-9DFE-4CFF-9728-70D202A1543D}"
EndProject
Global
	GlobalSection(SolutionConfigurationPlatforms) = preSolution
		Debug|Any CPU = Debug|Any CPU
		Release|Any CPU = Release|Any CPU
	EndGlobalSection
	GlobalSection(ProjectConfigurationPlatforms) = postSolution
		{FD20A587-9DFE-4CFF-9728-70D202A1543D}.Debug|Any CPU.ActiveCfg = Debug|Any CPU
		{FD20A587-9DFE-4CFF-9728-70D202A1543D}.Debug|Any CPU.Build.0 = Debug|Any CPU
		{FD20A587-9DFE-4CFF-9728-70D202A1543D}.Release|Any CPU.ActiveCfg = Release|Any CPU
		{FD20A587-9DFE-4CFF-9728-70D202A1543D}.Release|Any CPU.Build.0 = Release|Any CPU
	EndGlobalSection
	GlobalSection(SolutionProperties) = preSolution
		HideSolutionNode = FALSE
	EndGlobalSection
	GlobalSection(ExtensibilityGlobals) = postSolution
		SolutionGuid = {5946C83B-DB6A-4020-B11B-9A85BB667BA6}
	EndGlobalSection
EndGlobal
